
Microsoft Visual Studio Solution File, Format Version 12.00
# Visual Studio Version 17
VisualStudioVersion = 17.4.33213.308
MinimumVisualStudioVersion = 10.0.40219.1
Project("{FAE04EC0-301F-11D3-BF4B-00C04F79EFBC}") = "MovieStore", "MovieStore\MovieStore.csproj", "{7E981803-CF1E-4C31-A4F1-D299CA3362FC}"
EndProject
Global
	GlobalSection(SolutionConfigurationPlatforms) = preSolution
		Debug|Any CPU = Debug|Any CPU
		Release|Any CPU = Release|Any CPU
	EndGlobalSection
	GlobalSection(ProjectConfigurationPlatforms) = postSolution
		{7E981803-CF1E-4C31-A4F1-D299CA3362FC}.Debug|Any CPU.ActiveCfg = Debug|Any CPU
		{7E981803-CF1E-4C31-A4F1-D299CA3362FC}.Debug|Any CPU.Build.0 = Debug|Any CPU
		{7E981803-CF1E-4C31-A4F1-D299CA3362FC}.Release|Any CPU.ActiveCfg = Release|Any CPU
		{7E981803-CF1E-4C31-A4F1-D299CA3362FC}.Release|Any CPU.Build.0 = Release|Any CPU
	EndGlobalSection
	GlobalSection(SolutionProperties) = preSolution
		HideSolutionNode = FALSE
	EndGlobalSection
	GlobalSection(ExtensibilityGlobals) = postSolution
		SolutionGuid = {770DB348-833B-4266-8C1D-32AC7AF411E1}
	EndGlobalSection
EndGlobal
